
Microsoft Visual Studio Solution File, Format Version 12.00
# Visual Studio 14
VisualStudioVersion = 14.0.25420.1
MinimumVisualStudioVersion = 10.0.40219.1
Project("{FAE04EC0-301F-11D3-BF4B-00C04F79EFBC}") = "88DSL", "88DSL\88DSL.csproj", "{495C79C8-9974-443E-9555-068FFC2501C7}"
EndProject
Project("{FAE04EC0-301F-11D3-BF4B-00C04F79EFBC}") = "eBay.Service", "eBay.Service.SDK\eBay.Service.csproj", "{068A6C45-FAAF-49F5-B3F2-3928DA55D01A}"
EndProject
Project("{FAE04EC0-301F-11D3-BF4B-00C04F79EFBC}") = "eBay.Service.SDK.Attribute", "eBay.Service.SDK.Attribute\eBay.Service.SDK.Attribute.csproj", "{3F7B51BE-720D-44EF-86D2-F80FE3AE5081}"
EndProject
Global
	GlobalSection(SolutionConfigurationPlatforms) = preSolution
		Debug|Any CPU = Debug|Any CPU
		Release|Any CPU = Release|Any CPU
	EndGlobalSection
	GlobalSection(ProjectConfigurationPlatforms) = postSolution
		{495C79C8-9974-443E-9555-068FFC2501C7}.Debug|Any CPU.ActiveCfg = Debug|Any CPU
		{495C79C8-9974-443E-9555-068FFC2501C7}.Debug|Any CPU.Build.0 = Debug|Any CPU
		{495C79C8-9974-443E-9555-068FFC2501C7}.Release|Any CPU.ActiveCfg = Release|Any CPU
		{495C79C8-9974-443E-9555-068FFC2501C7}.Release|Any CPU.Build.0 = Release|Any CPU
		{068A6C45-FAAF-49F5-B3F2-3928DA55D01A}.Debug|Any CPU.ActiveCfg = Debug|Any CPU
		{068A6C45-FAAF-49F5-B3F2-3928DA55D01A}.Debug|Any CPU.Build.0 = Debug|Any CPU
		{068A6C45-FAAF-49F5-B3F2-3928DA55D01A}.Release|Any CPU.ActiveCfg = Release|Any CPU
		{068A6C45-FAAF-49F5-B3F2-3928DA55D01A}.Release|Any CPU.Build.0 = Release|Any CPU
		{3F7B51BE-720D-44EF-86D2-F80FE3AE5081}.Debug|Any CPU.ActiveCfg = Debug|Any CPU
		{3F7B51BE-720D-44EF-86D2-F80FE3AE5081}.Debug|Any CPU.Build.0 = Debug|Any CPU
		{3F7B51BE-720D-44EF-86D2-F80FE3AE5081}.Release|Any CPU.ActiveCfg = Release|Any CPU
		{3F7B51BE-720D-44EF-86D2-F80FE3AE5081}.Release|Any CPU.Build.0 = Release|Any CPU
	EndGlobalSection
	GlobalSection(SolutionProperties) = preSolution
		HideSolutionNode = FALSE
	EndGlobalSection
EndGlobal
